{
  "object": {
    "pins": [
      {
        "package": "SDGCornerstone",
        "repositoryURL": "https://github.com/SDGGiesbrecht/SDGCornerstone",
        "state": {
          "branch": null,
          "revision": "8e136caf2ccb702a1bde3a5e341598c9757817d3",
          "version": "3.0.0"
        }
      }
    ]
  },
  "version": 1
}
