{
  "object": {
    "pins": [
      {
        "package": "SDGCornerstone",
        "repositoryURL": "https://github.com/SDGGiesbrecht/SDGCornerstone",
        "state": {
          "branch": null,
          "revision": "8db53ba03479ff5b112ecfb2a87456930249466a",
          "version": "4.0.1"
        }
      }
    ]
  },
  "version": 1
}
